
Microsoft Visual Studio Solution File, Format Version 12.00
# Visual Studio Version 17
VisualStudioVersion = 17.7.34031.279
MinimumVisualStudioVersion = 10.0.40219.1
Project("{9A19103F-16F7-4668-BE54-9A1E7A4F7556}") = "Kreta.Shared", "..\Kreta.Shared\Kreta.Shared.csproj", "{8E5B08CB-2C60-4292-8F42-00DF95311FD2}"
EndProject
Project("{9A19103F-16F7-4668-BE54-9A1E7A4F7556}") = "Kreta.HttpService", "..\Kreta.HttpService\Kreta.HttpService.csproj", "{AD2B1FD0-6F57-418A-A8BE-355FBE6CC4E8}"
EndProject
Project("{2150E333-8FDC-42A3-9474-1A3956D46DE8}") = "Solution Items", "Solution Items", "{D1BFD8CF-103C-46EB-9084-BB2ECE9F75D3}"
	ProjectSection(SolutionItems) = preProject
		..\README.md = ..\README.md
	EndProjectSection
EndProject
Project("{9A19103F-16F7-4668-BE54-9A1E7A4F7556}") = "Kreta.Desktop", "Kreta.Desktop.csproj", "{EF87AE2A-4FBE-4829-9647-D7B074E93C61}"
EndProject
Project("{9A19103F-16F7-4668-BE54-9A1E7A4F7556}") = "Kreta.Backend", "..\Kreta.Backend\Kreta.Backend.csproj", "{8E79A03E-DA97-43A6-8517-0F25DCC52332}"
EndProject
Global
	GlobalSection(SolutionConfigurationPlatforms) = preSolution
		Debug|Any CPU = Debug|Any CPU
		Release|Any CPU = Release|Any CPU
	EndGlobalSection
	GlobalSection(ProjectConfigurationPlatforms) = postSolution
		{8E5B08CB-2C60-4292-8F42-00DF95311FD2}.Debug|Any CPU.ActiveCfg = Debug|Any CPU
		{8E5B08CB-2C60-4292-8F42-00DF95311FD2}.Debug|Any CPU.Build.0 = Debug|Any CPU
		{8E5B08CB-2C60-4292-8F42-00DF95311FD2}.Release|Any CPU.ActiveCfg = Release|Any CPU
		{8E5B08CB-2C60-4292-8F42-00DF95311FD2}.Release|Any CPU.Build.0 = Release|Any CPU
		{AD2B1FD0-6F57-418A-A8BE-355FBE6CC4E8}.Debug|Any CPU.ActiveCfg = Debug|Any CPU
		{AD2B1FD0-6F57-418A-A8BE-355FBE6CC4E8}.Debug|Any CPU.Build.0 = Debug|Any CPU
		{AD2B1FD0-6F57-418A-A8BE-355FBE6CC4E8}.Release|Any CPU.ActiveCfg = Release|Any CPU
		{AD2B1FD0-6F57-418A-A8BE-355FBE6CC4E8}.Release|Any CPU.Build.0 = Release|Any CPU
		{EF87AE2A-4FBE-4829-9647-D7B074E93C61}.Debug|Any CPU.ActiveCfg = Debug|Any CPU
		{EF87AE2A-4FBE-4829-9647-D7B074E93C61}.Debug|Any CPU.Build.0 = Debug|Any CPU
		{EF87AE2A-4FBE-4829-9647-D7B074E93C61}.Release|Any CPU.ActiveCfg = Release|Any CPU
		{EF87AE2A-4FBE-4829-9647-D7B074E93C61}.Release|Any CPU.Build.0 = Release|Any CPU
		{8E79A03E-DA97-43A6-8517-0F25DCC52332}.Debug|Any CPU.ActiveCfg = Debug|Any CPU
		{8E79A03E-DA97-43A6-8517-0F25DCC52332}.Debug|Any CPU.Build.0 = Debug|Any CPU
		{8E79A03E-DA97-43A6-8517-0F25DCC52332}.Release|Any CPU.ActiveCfg = Release|Any CPU
		{8E79A03E-DA97-43A6-8517-0F25DCC52332}.Release|Any CPU.Build.0 = Release|Any CPU
	EndGlobalSection
	GlobalSection(SolutionProperties) = preSolution
		HideSolutionNode = FALSE
	EndGlobalSection
	GlobalSection(ExtensibilityGlobals) = postSolution
		SolutionGuid = {9C179095-168D-4574-867F-FFE82F7891F9}
	EndGlobalSection
EndGlobal
